
Microsoft Visual Studio Solution File, Format Version 12.00
# Visual Studio 2012
# Ranorex Studio 12.0.0
VisualStudioVersion = 12.0.20827.3
MinimumVisualStudioVersion = 10.0.40219.1
Project("{2150E333-8FDC-42A3-9474-1A3956D46DE8}") = "Solution Items", "Solution Items", "{CF623F4A-DB35-4AE9-AC44-4C292758BC45}"
	ProjectSection(SolutionItems) = postProject
		Ranorex = .\Ranorex.rxsettings
	EndProjectSection
EndProject
Project("{FAE04EC0-301F-11D3-BF4B-00C04F79EFBC}") = "TPX-0008-LocalPatientBrowserData", "TPX-0008-LocalPatientBrowserData\TPX-0008-LocalPatientBrowserData.csproj", "{BC7D21D0-128D-42F5-A13F-32CE7EA31D48}"
EndProject
Project("{FAE04EC0-301F-11D3-BF4B-00C04F79EFBC}") = "Ranorex Automation Helpers", "RanorexAutomationHelpers\Ranorex Automation Helpers.csproj", "{0A93DCB3-7E72-4496-BDEF-321F13B409E3}"
EndProject
Global
	GlobalSection(SolutionConfigurationPlatforms) = preSolution
		Debug|x86 = Debug|x86
		Release|x86 = Release|x86
	EndGlobalSection
	GlobalSection(ProjectConfigurationPlatforms) = postSolution
		{BC7D21D0-128D-42F5-A13F-32CE7EA31D48}.Debug|x86.Build.0 = Debug|x86
		{BC7D21D0-128D-42F5-A13F-32CE7EA31D48}.Debug|x86.ActiveCfg = Debug|x86
		{BC7D21D0-128D-42F5-A13F-32CE7EA31D48}.Release|x86.Build.0 = Release|x86
		{BC7D21D0-128D-42F5-A13F-32CE7EA31D48}.Release|x86.ActiveCfg = Release|x86
		{0A93DCB3-7E72-4496-BDEF-321F13B409E3}.Debug|x86.Build.0 = Debug|x86
		{0A93DCB3-7E72-4496-BDEF-321F13B409E3}.Debug|x86.ActiveCfg = Debug|x86
		{0A93DCB3-7E72-4496-BDEF-321F13B409E3}.Release|x86.Build.0 = Release|x86
		{0A93DCB3-7E72-4496-BDEF-321F13B409E3}.Release|x86.ActiveCfg = Release|x86
	EndGlobalSection
EndGlobal
